
Microsoft Visual Studio Solution File, Format Version 12.00
# Visual Studio Version 17
VisualStudioVersion = 17.2.32602.215
MinimumVisualStudioVersion = 10.0.40219.1
Project("{930C7802-8A8C-48F9-8165-68863BCCD9DD}") = "ConsoleApp1.Installer", "ConsoleApp1.Installer\ConsoleApp1.Installer.wixproj", "{D61F7596-19DC-4A64-947D-5C71E7ECB062}"
EndProject
Project("{9A19103F-16F7-4668-BE54-9A1E7A4F7556}") = "ConsoleApp1", "ConsoleApp1\ConsoleApp1.csproj", "{079308E7-E9B6-429B-AE75-744FC2DD4CD4}"
EndProject
Global
	GlobalSection(SolutionConfigurationPlatforms) = preSolution
		Debug|Any CPU = Debug|Any CPU
		Debug|x64 = Debug|x64
		Debug|x86 = Debug|x86
		Release|Any CPU = Release|Any CPU
		Release|x64 = Release|x64
		Release|x86 = Release|x86
	EndGlobalSection
	GlobalSection(ProjectConfigurationPlatforms) = postSolution
		{D61F7596-19DC-4A64-947D-5C71E7ECB062}.Debug|Any CPU.ActiveCfg = Debug|x64
		{D61F7596-19DC-4A64-947D-5C71E7ECB062}.Debug|Any CPU.Build.0 = Debug|x64
		{D61F7596-19DC-4A64-947D-5C71E7ECB062}.Debug|x64.ActiveCfg = Debug|x64
		{D61F7596-19DC-4A64-947D-5C71E7ECB062}.Debug|x86.ActiveCfg = Debug|x86
		{D61F7596-19DC-4A64-947D-5C71E7ECB062}.Debug|x86.Build.0 = Debug|x86
		{D61F7596-19DC-4A64-947D-5C71E7ECB062}.Release|Any CPU.ActiveCfg = Release|x64
		{D61F7596-19DC-4A64-947D-5C71E7ECB062}.Release|Any CPU.Build.0 = Release|x64
		{D61F7596-19DC-4A64-947D-5C71E7ECB062}.Release|x64.ActiveCfg = Release|x86
		{D61F7596-19DC-4A64-947D-5C71E7ECB062}.Release|x64.Build.0 = Release|x86
		{D61F7596-19DC-4A64-947D-5C71E7ECB062}.Release|x86.ActiveCfg = Release|x86
		{D61F7596-19DC-4A64-947D-5C71E7ECB062}.Release|x86.Build.0 = Release|x86
		{079308E7-E9B6-429B-AE75-744FC2DD4CD4}.Debug|Any CPU.ActiveCfg = Debug|Any CPU
		{079308E7-E9B6-429B-AE75-744FC2DD4CD4}.Debug|Any CPU.Build.0 = Debug|Any CPU
		{079308E7-E9B6-429B-AE75-744FC2DD4CD4}.Debug|x64.ActiveCfg = Debug|x64
		{079308E7-E9B6-429B-AE75-744FC2DD4CD4}.Debug|x64.Build.0 = Debug|x64
		{079308E7-E9B6-429B-AE75-744FC2DD4CD4}.Debug|x86.ActiveCfg = Debug|Any CPU
		{079308E7-E9B6-429B-AE75-744FC2DD4CD4}.Debug|x86.Build.0 = Debug|Any CPU
		{079308E7-E9B6-429B-AE75-744FC2DD4CD4}.Release|Any CPU.ActiveCfg = Release|Any CPU
		{079308E7-E9B6-429B-AE75-744FC2DD4CD4}.Release|Any CPU.Build.0 = Release|Any CPU
		{079308E7-E9B6-429B-AE75-744FC2DD4CD4}.Release|x64.ActiveCfg = Release|x64
		{079308E7-E9B6-429B-AE75-744FC2DD4CD4}.Release|x64.Build.0 = Release|x64
		{079308E7-E9B6-429B-AE75-744FC2DD4CD4}.Release|x86.ActiveCfg = Release|Any CPU
		{079308E7-E9B6-429B-AE75-744FC2DD4CD4}.Release|x86.Build.0 = Release|Any CPU
	EndGlobalSection
	GlobalSection(SolutionProperties) = preSolution
		HideSolutionNode = FALSE
	EndGlobalSection
	GlobalSection(ExtensibilityGlobals) = postSolution
		SolutionGuid = {E6573B88-2714-4E04-998A-FB476BAD112C}
	EndGlobalSection
EndGlobal
